// !$*UTF8*$!
{
	archiveVersion = 1;
	classes = {
	};
	objectVersion = 51;
	objects = {

/* Begin PBXBuildFile section */
		7345D44E2683C50200615F2F /* AppDelegate.swift in Sources */ = {isa = PBXBuildFile; fileRef = 7345D44D2683C50200615F2F /* AppDelegate.swift */; };
		7345D4502683C50200615F2F /* SceneDelegate.swift in Sources */ = {isa = PBXBuildFile; fileRef = 7345D44F2683C50200615F2F /* SceneDelegate.swift */; };
		7345D4522683C50200615F2F /* ViewController.swift in Sources */ = {isa = PBXBuildFile; fileRef = 7345D4512683C50200615F2F /* ViewController.swift */; };
		7345D4552683C50200615F2F /* Main.storyboard in Resources */ = {isa = PBXBuildFile; fileRef = 7345D4532683C50200615F2F /* Main.storyboard */; };
		7345D4572683C50400615F2F /* Assets.xcassets in Resources */ = {isa = PBXBuildFile; fileRef = 7345D4562683C50400615F2F /* Assets.xcassets */; };
		7345D45A2683C50400615F2F /* LaunchScreen.storyboard in Resources */ = {isa = PBXBuildFile; fileRef = 7345D4582683C50400615F2F /* LaunchScreen.storyboard */; };
		7384541B2683C5690009C9D0 /* GoogleService-Info.plist in Resources */ = {isa = PBXBuildFile; fileRef = 7384541A2683C5690009C9D0 /* GoogleService-Info.plist */; };
		738454472683C7510009C9D0 /* Helpers in Resources */ = {isa = PBXBuildFile; fileRef = 738454422683C74E0009C9D0 /* Helpers */; };
		738454482683C7510009C9D0 /* Services in Resources */ = {isa = PBXBuildFile; fileRef = 738454432683C74F0009C9D0 /* Services */; };
		738454492683C7510009C9D0 /* Models in Resources */ = {isa = PBXBuildFile; fileRef = 738454442683C7500009C9D0 /* Models */; };
		7384544A2683C7510009C9D0 /* ViewControllers in Resources */ = {isa = PBXBuildFile; fileRef = 738454452683C7510009C9D0 /* ViewControllers */; };
		7384544B2683C7510009C9D0 /* Views in Resources */ = {isa = PBXBuildFile; fileRef = 738454462683C7510009C9D0 /* Views */; };
		7837D75E757575A89EBAECDE /* Pods_Firebase_PhotoApp_UIKIT.framework in Frameworks */ = {isa = PBXBuildFile; fileRef = C37A2BA25B8AB64168CC135D /* Pods_Firebase_PhotoApp_UIKIT.framework */; };
/* End PBXBuildFile section */

/* Begin PBXFileReference section */
		0A9EF8906459E3575FAFA460 /* Pods-Firebase_PhotoApp_UIKIT.debug.xcconfig */ = {isa = PBXFileReference; includeInIndex = 1; lastKnownFileType = text.xcconfig; name = "Pods-Firebase_PhotoApp_UIKIT.debug.xcconfig"; path = "Target Support Files/Pods-Firebase_PhotoApp_UIKIT/Pods-Firebase_PhotoApp_UIKIT.debug.xcconfig"; sourceTree = "<group>"; };
		7345D44A2683C50200615F2F /* Firebase_PhotoApp_UIKIT.app */ = {isa = PBXFileReference; explicitFileType = wrapper.application; includeInIndex = 0; path = Firebase_PhotoApp_UIKIT.app; sourceTree = BUILT_PRODUCTS_DIR; };
		7345D44D2683C50200615F2F /* AppDelegate.swift */ = {isa = PBXFileReference; lastKnownFileType = sourcecode.swift; path = AppDelegate.swift; sourceTree = "<group>"; };
		7345D44F2683C50200615F2F /* SceneDelegate.swift */ = {isa = PBXFileReference; lastKnownFileType = sourcecode.swift; path = SceneDelegate.swift; sourceTree = "<group>"; };
		7345D4512683C50200615F2F /* ViewController.swift */ = {isa = PBXFileReference; lastKnownFileType = sourcecode.swift; path = ViewController.swift; sourceTree = "<group>"; };
		7345D4542683C50200615F2F /* Base */ = {isa = PBXFileReference; lastKnownFileType = file.storyboard; name = Base; path = Base.lproj/Main.storyboard; sourceTree = "<group>"; };
		7345D4562683C50400615F2F /* Assets.xcassets */ = {isa = PBXFileReference; lastKnownFileType = folder.assetcatalog; path = Assets.xcassets; sourceTree = "<group>"; };
		7345D4592683C50400615F2F /* Base */ = {isa = PBXFileReference; lastKnownFileType = file.storyboard; name = Base; path = Base.lproj/LaunchScreen.storyboard; sourceTree = "<group>"; };
		7345D45B2683C50400615F2F /* Info.plist */ = {isa = PBXFileReference; lastKnownFileType = text.plist.xml; path = Info.plist; sourceTree = "<group>"; };
		7384541A2683C5690009C9D0 /* GoogleService-Info.plist */ = {isa = PBXFileReference; fileEncoding = 4; lastKnownFileType = text.plist.xml; path = "GoogleService-Info.plist"; sourceTree = "<group>"; };
		738454422683C74E0009C9D0 /* Helpers */ = {isa = PBXFileReference; lastKnownFileType = folder; path = Helpers; sourceTree = "<group>"; };
		738454432683C74F0009C9D0 /* Services */ = {isa = PBXFileReference; lastKnownFileType = folder; path = Services; sourceTree = "<group>"; };
		738454442683C7500009C9D0 /* Models */ = {isa = PBXFileReference; lastKnownFileType = folder; path = Models; sourceTree = "<group>"; };
		738454452683C7510009C9D0 /* ViewControllers */ = {isa = PBXFileReference; lastKnownFileType = folder; path = ViewControllers; sourceTree = "<group>"; };
		738454462683C7510009C9D0 /* Views */ = {isa = PBXFileReference; lastKnownFileType = folder; path = Views; sourceTree = "<group>"; };
		C37A2BA25B8AB64168CC135D /* Pods_Firebase_PhotoApp_UIKIT.framework */ = {isa = PBXFileReference; explicitFileType = wrapper.framework; includeInIndex = 0; path = Pods_Firebase_PhotoApp_UIKIT.framework; sourceTree = BUILT_PRODUCTS_DIR; };
		FAA1A128352614C7CB57BEE0 /* Pods-Firebase_PhotoApp_UIKIT.release.xcconfig */ = {isa = PBXFileReference; includeInIndex = 1; lastKnownFileType = text.xcconfig; name = "Pods-Firebase_PhotoApp_UIKIT.release.xcconfig"; path = "Target Support Files/Pods-Firebase_PhotoApp_UIKIT/Pods-Firebase_PhotoApp_UIKIT.release.xcconfig"; sourceTree = "<group>"; };
/* End PBXFileReference section */

/* Begin PBXFrameworksBuildPhase section */
		7345D4472683C50200615F2F /* Frameworks */ = {
			isa = PBXFrameworksBuildPhase;
			buildActionMask = 2147483647;
			files = (
				7837D75E757575A89EBAECDE /* Pods_Firebase_PhotoApp_UIKIT.framework in Frameworks */,
			);
			runOnlyForDeploymentPostprocessing = 0;
		};
/* End PBXFrameworksBuildPhase section */

/* Begin PBXGroup section */
		3C769E71FD4AAE1600C7DD17 /* Frameworks */ = {
			isa = PBXGroup;
			children = (
				C37A2BA25B8AB64168CC135D /* Pods_Firebase_PhotoApp_UIKIT.framework */,
			);
			name = Frameworks;
			sourceTree = "<group>";
		};
		7345D4412683C50200615F2F = {
			isa = PBXGroup;
			children = (
				7345D44C2683C50200615F2F /* Firebase_PhotoApp_UIKIT */,
				7345D44B2683C50200615F2F /* Products */,
				C70CF1034C1AEE6BFC651B18 /* Pods */,
				3C769E71FD4AAE1600C7DD17 /* Frameworks */,
			);
			sourceTree = "<group>";
		};
		7345D44B2683C50200615F2F /* Products */ = {
			isa = PBXGroup;
			children = (
				7345D44A2683C50200615F2F /* Firebase_PhotoApp_UIKIT.app */,
			);
			name = Products;
			sourceTree = "<group>";
		};
		7345D44C2683C50200615F2F /* Firebase_PhotoApp_UIKIT */ = {
			isa = PBXGroup;
			children = (
				7345D44D2683C50200615F2F /* AppDelegate.swift */,
				7345D44F2683C50200615F2F /* SceneDelegate.swift */,
				7345D4512683C50200615F2F /* ViewController.swift */,
				7345D4532683C50200615F2F /* Main.storyboard */,
				7345D4562683C50400615F2F /* Assets.xcassets */,
				7345D4582683C50400615F2F /* LaunchScreen.storyboard */,
				7345D45B2683C50400615F2F /* Info.plist */,
				7384541A2683C5690009C9D0 /* GoogleService-Info.plist */,
				738454422683C74E0009C9D0 /* Helpers */,
				738454442683C7500009C9D0 /* Models */,
				738454432683C74F0009C9D0 /* Services */,
				738454452683C7510009C9D0 /* ViewControllers */,
				738454462683C7510009C9D0 /* Views */,
			);
			path = Firebase_PhotoApp_UIKIT;
			sourceTree = "<group>";
		};
		C70CF1034C1AEE6BFC651B18 /* Pods */ = {
			isa = PBXGroup;
			children = (
				0A9EF8906459E3575FAFA460 /* Pods-Firebase_PhotoApp_UIKIT.debug.xcconfig */,
				FAA1A128352614C7CB57BEE0 /* Pods-Firebase_PhotoApp_UIKIT.release.xcconfig */,
			);
			path = Pods;
			sourceTree = "<group>";
		};
/* End PBXGroup section */

/* Begin PBXNativeTarget section */
		7345D4492683C50200615F2F /* Firebase_PhotoApp_UIKIT */ = {
			isa = PBXNativeTarget;
			buildConfigurationList = 7345D45E2683C50400615F2F /* Build configuration list for PBXNativeTarget "Firebase_PhotoApp_UIKIT" */;
			buildPhases = (
				D0EBF98D7CA919484FD11029 /* [CP] Check Pods Manifest.lock */,
				7345D4462683C50200615F2F /* Sources */,
				7345D4472683C50200615F2F /* Frameworks */,
				7345D4482683C50200615F2F /* Resources */,
				112D1BC9621E30E346072DAF /* [CP] Embed Pods Frameworks */,
				AFA0BE0C7D35F132C3533C92 /* [CP] Copy Pods Resources */,
			);
			buildRules = (
			);
			dependencies = (
			);
			name = Firebase_PhotoApp_UIKIT;
			productName = Firebase_PhotoApp_UIKIT;
			productReference = 7345D44A2683C50200615F2F /* Firebase_PhotoApp_UIKIT.app */;
			productType = "com.apple.product-type.application";
		};
/* End PBXNativeTarget section */

/* Begin PBXProject section */
		7345D4422683C50200615F2F /* Project object */ = {
			isa = PBXProject;
			attributes = {
				LastSwiftUpdateCheck = 1240;
				LastUpgradeCheck = 1240;
				TargetAttributes = {
					7345D4492683C50200615F2F = {
						CreatedOnToolsVersion = 12.4;
					};
				};
			};
			buildConfigurationList = 7345D4452683C50200615F2F /* Build configuration list for PBXProject "Firebase_PhotoApp_UIKIT" */;
			compatibilityVersion = "Xcode 9.3";
			developmentRegion = en;
			hasScannedForEncodings = 0;
			knownRegions = (
				en,
				Base,
			);
			mainGroup = 7345D4412683C50200615F2F;
			productRefGroup = 7345D44B2683C50200615F2F /* Products */;
			projectDirPath = "";
			projectRoot = "";
			targets = (
				7345D4492683C50200615F2F /* Firebase_PhotoApp_UIKIT */,
			);
		};
/* End PBXProject section */

/* Begin PBXResourcesBuildPhase section */
		7345D4482683C50200615F2F /* Resources */ = {
			isa = PBXResourcesBuildPhase;
			buildActionMask = 2147483647;
			files = (
				7384544B2683C7510009C9D0 /* Views in Resources */,
				738454482683C7510009C9D0 /* Services in Resources */,
				7384544A2683C7510009C9D0 /* ViewControllers in Resources */,
				7345D45A2683C50400615F2F /* LaunchScreen.storyboard in Resources */,
				7384541B2683C5690009C9D0 /* GoogleService-Info.plist in Resources */,
				7345D4572683C50400615F2F /* Assets.xcassets in Resources */,
				7345D4552683C50200615F2F /* Main.storyboard in Resources */,
				738454492683C7510009C9D0 /* Models in Resources */,
				738454472683C7510009C9D0 /* Helpers in Resources */,
			);
			runOnlyForDeploymentPostprocessing = 0;
		};
/* End PBXResourcesBuildPhase section */

/* Begin PBXShellScriptBuildPhase section */
		112D1BC9621E30E346072DAF /* [CP] Embed Pods Frameworks */ = {
			isa = PBXShellScriptBuildPhase;
			buildActionMask = 2147483647;
			files = (
			);
			inputFileListPaths = (
				"${PODS_ROOT}/Target Support Files/Pods-Firebase_PhotoApp_UIKIT/Pods-Firebase_PhotoApp_UIKIT-frameworks-${CONFIGURATION}-input-files.xcfilelist",
			);
			name = "[CP] Embed Pods Frameworks";
			outputFileListPaths = (
				"${PODS_ROOT}/Target Support Files/Pods-Firebase_PhotoApp_UIKIT/Pods-Firebase_PhotoApp_UIKIT-frameworks-${CONFIGURATION}-output-files.xcfilelist",
			);
			runOnlyForDeploymentPostprocessing = 0;
			shellPath = /bin/sh;
			shellScript = "\"${PODS_ROOT}/Target Support Files/Pods-Firebase_PhotoApp_UIKIT/Pods-Firebase_PhotoApp_UIKIT-frameworks.sh\"\n";
			showEnvVarsInLog = 0;
		};
		AFA0BE0C7D35F132C3533C92 /* [CP] Copy Pods Resources */ = {
			isa = PBXShellScriptBuildPhase;
			buildActionMask = 2147483647;
			files = (
			);
			inputFileListPaths = (
				"${PODS_ROOT}/Target Support Files/Pods-Firebase_PhotoApp_UIKIT/Pods-Firebase_PhotoApp_UIKIT-resources-${CONFIGURATION}-input-files.xcfilelist",
			);
			name = "[CP] Copy Pods Resources";
			outputFileListPaths = (
				"${PODS_ROOT}/Target Support Files/Pods-Firebase_PhotoApp_UIKIT/Pods-Firebase_PhotoApp_UIKIT-resources-${CONFIGURATION}-output-files.xcfilelist",
			);
			runOnlyForDeploymentPostprocessing = 0;
			shellPath = /bin/sh;
			shellScript = "\"${PODS_ROOT}/Target Support Files/Pods-Firebase_PhotoApp_UIKIT/Pods-Firebase_PhotoApp_UIKIT-resources.sh\"\n";
			showEnvVarsInLog = 0;
		};
		D0EBF98D7CA919484FD11029 /* [CP] Check Pods Manifest.lock */ = {
			isa = PBXShellScriptBuildPhase;
			buildActionMask = 2147483647;
			files = (
			);
			inputFileListPaths = (
			);
			inputPaths = (
				"${PODS_PODFILE_DIR_PATH}/Podfile.lock",
				"${PODS_ROOT}/Manifest.lock",
			);
			name = "[CP] Check Pods Manifest.lock";
			outputFileListPaths = (
			);
			outputPaths = (
				"$(DERIVED_FILE_DIR)/Pods-Firebase_PhotoApp_UIKIT-checkManifestLockResult.txt",
			);
			runOnlyForDeploymentPostprocessing = 0;
			shellPath = /bin/sh;
			shellScript = "diff \"${PODS_PODFILE_DIR_PATH}/Podfile.lock\" \"${PODS_ROOT}/Manifest.lock\" > /dev/null\nif [ $? != 0 ] ; then\n    # print error to STDERR\n    echo \"error: The sandbox is not in sync with the Podfile.lock. Run 'pod install' or update your CocoaPods installation.\" >&2\n    exit 1\nfi\n# This output is used by Xcode 'outputs' to avoid re-running this script phase.\necho \"SUCCESS\" > \"${SCRIPT_OUTPUT_FILE_0}\"\n";
			showEnvVarsInLog = 0;
		};
/* End PBXShellScriptBuildPhase section */

/* Begin PBXSourcesBuildPhase section */
		7345D4462683C50200615F2F /* Sources */ = {
			isa = PBXSourcesBuildPhase;
			buildActionMask = 2147483647;
			files = (
				7345D4522683C50200615F2F /* ViewController.swift in Sources */,
				7345D44E2683C50200615F2F /* AppDelegate.swift in Sources */,
				7345D4502683C50200615F2F /* SceneDelegate.swift in Sources */,
			);
			runOnlyForDeploymentPostprocessing = 0;
		};
/* End PBXSourcesBuildPhase section */

/* Begin PBXVariantGroup section */
		7345D4532683C50200615F2F /* Main.storyboard */ = {
			isa = PBXVariantGroup;
			children = (
				7345D4542683C50200615F2F /* Base */,
			);
			name = Main.storyboard;
			sourceTree = "<group>";
		};
		7345D4582683C50400615F2F /* LaunchScreen.storyboard */ = {
			isa = PBXVariantGroup;
			children = (
				7345D4592683C50400615F2F /* Base */,
			);
			name = LaunchScreen.storyboard;
			sourceTree = "<group>";
		};
/* End PBXVariantGroup section */

/* Begin XCBuildConfiguration section */
		7345D45C2683C50400615F2F /* Debug */ = {
			isa = XCBuildConfiguration;
			buildSettings = {
				ALWAYS_SEARCH_USER_PATHS = NO;
				CLANG_ANALYZER_NONNULL = YES;
				CLANG_ANALYZER_NUMBER_OBJECT_CONVERSION = YES_AGGRESSIVE;
				CLANG_CXX_LANGUAGE_STANDARD = "gnu++14";
				CLANG_CXX_LIBRARY = "libc++";
				CLANG_ENABLE_MODULES = YES;
				CLANG_ENABLE_OBJC_ARC = YES;
				CLANG_ENABLE_OBJC_WEAK = YES;
				CLANG_WARN_BLOCK_CAPTURE_AUTORELEASING = YES;
				CLANG_WARN_BOOL_CONVERSION = YES;
				CLANG_WARN_COMMA = YES;
				CLANG_WARN_CONSTANT_CONVERSION = YES;
				CLANG_WARN_DEPRECATED_OBJC_IMPLEMENTATIONS = YES;
				CLANG_WARN_DIRECT_OBJC_ISA_USAGE = YES_ERROR;
				CLANG_WARN_DOCUMENTATION_COMMENTS = YES;
				CLANG_WARN_EMPTY_BODY = YES;
				CLANG_WARN_ENUM_CONVERSION = YES;
				CLANG_WARN_INFINITE_RECURSION = YES;
				CLANG_WARN_INT_CONVERSION = YES;
				CLANG_WARN_NON_LITERAL_NULL_CONVERSION = YES;
				CLANG_WARN_OBJC_IMPLICIT_RETAIN_SELF = YES;
				CLANG_WARN_OBJC_LITERAL_CONVERSION = YES;
				CLANG_WARN_OBJC_ROOT_CLASS = YES_ERROR;
				CLANG_WARN_QUOTED_INCLUDE_IN_FRAMEWORK_HEADER = YES;
				CLANG_WARN_RANGE_LOOP_ANALYSIS = YES;
				CLANG_WARN_STRICT_PROTOTYPES = YES;
				CLANG_WARN_SUSPICIOUS_MOVE = YES;
				CLANG_WARN_UNGUARDED_AVAILABILITY = YES_AGGRESSIVE;
				CLANG_WARN_UNREACHABLE_CODE = YES;
				CLANG_WARN__DUPLICATE_METHOD_MATCH = YES;
				COPY_PHASE_STRIP = NO;
				DEBUG_INFORMATION_FORMAT = dwarf;
				ENABLE_STRICT_OBJC_MSGSEND = YES;
				ENABLE_TESTABILITY = YES;
				GCC_C_LANGUAGE_STANDARD = gnu11;
				GCC_DYNAMIC_NO_PIC = NO;
				GCC_NO_COMMON_BLOCKS = YES;
				GCC_OPTIMIZATION_LEVEL = 0;
				GCC_PREPROCESSOR_DEFINITIONS = (
					"DEBUG=1",
					"$(inherited)",
				);
				GCC_WARN_64_TO_32_BIT_CONVERSION = YES;
				GCC_WARN_ABOUT_RETURN_TYPE = YES_ERROR;
				GCC_WARN_UNDECLARED_SELECTOR = YES;
				GCC_WARN_UNINITIALIZED_AUTOS = YES_AGGRESSIVE;
				GCC_WARN_UNUSED_FUNCTION = YES;
				GCC_WARN_UNUSED_VARIABLE = YES;
				IPHONEOS_DEPLOYMENT_TARGET = 14.4;
				MTL_ENABLE_DEBUG_INFO = INCLUDE_SOURCE;
				MTL_FAST_MATH = YES;
				ONLY_ACTIVE_ARCH = YES;
				SDKROOT = iphoneos;
				SWIFT_ACTIVE_COMPILATION_CONDITIONS = DEBUG;
				SWIFT_OPTIMIZATION_LEVEL = "-Onone";
			};
			name = Debug;
		};
		7345D45D2683C50400615F2F /* Release */ = {
			isa = XCBuildConfiguration;
			buildSettings = {
				ALWAYS_SEARCH_USER_PATHS = NO;
				CLANG_ANALYZER_NONNULL = YES;
				CLANG_ANALYZER_NUMBER_OBJECT_CONVERSION = YES_AGGRESSIVE;
				CLANG_CXX_LANGUAGE_STANDARD = "gnu++14";
				CLANG_CXX_LIBRARY = "libc++";
				CLANG_ENABLE_MODULES = YES;
				CLANG_ENABLE_OBJC_ARC = YES;
				CLANG_ENABLE_OBJC_WEAK = YES;
				CLANG_WARN_BLOCK_CAPTURE_AUTORELEASING = YES;
				CLANG_WARN_BOOL_CONVERSION = YES;
				CLANG_WARN_COMMA = YES;
				CLANG_WARN_CONSTANT_CONVERSION = YES;
				CLANG_WARN_DEPRECATED_OBJC_IMPLEMENTATIONS = YES;
				CLANG_WARN_DIRECT_OBJC_ISA_USAGE = YES_ERROR;
				CLANG_WARN_DOCUMENTATION_COMMENTS = YES;
				CLANG_WARN_EMPTY_BODY = YES;
				CLANG_WARN_ENUM_CONVERSION = YES;
				CLANG_WARN_INFINITE_RECURSION = YES;
				CLANG_WARN_INT_CONVERSION = YES;
				CLANG_WARN_NON_LITERAL_NULL_CONVERSION = YES;
				CLANG_WARN_OBJC_IMPLICIT_RETAIN_SELF = YES;
				CLANG_WARN_OBJC_LITERAL_CONVERSION = YES;
				CLANG_WARN_OBJC_ROOT_CLASS = YES_ERROR;
				CLANG_WARN_QUOTED_INCLUDE_IN_FRAMEWORK_HEADER = YES;
				CLANG_WARN_RANGE_LOOP_ANALYSIS = YES;
				CLANG_WARN_STRICT_PROTOTYPES = YES;
				CLANG_WARN_SUSPICIOUS_MOVE = YES;
				CLANG_WARN_UNGUARDED_AVAILABILITY = YES_AGGRESSIVE;
				CLANG_WARN_UNREACHABLE_CODE = YES;
				CLANG_WARN__DUPLICATE_METHOD_MATCH = YES;
				COPY_PHASE_STRIP = NO;
				DEBUG_INFORMATION_FORMAT = "dwarf-with-dsym";
				ENABLE_NS_ASSERTIONS = NO;
				ENABLE_STRICT_OBJC_MSGSEND = YES;
				GCC_C_LANGUAGE_STANDARD = gnu11;
				GCC_NO_COMMON_BLOCKS = YES;
				GCC_WARN_64_TO_32_BIT_CONVERSION = YES;
				GCC_WARN_ABOUT_RETURN_TYPE = YES_ERROR;
				GCC_WARN_UNDECLARED_SELECTOR = YES;
				GCC_WARN_UNINITIALIZED_AUTOS = YES_AGGRESSIVE;
				GCC_WARN_UNUSED_FUNCTION = YES;
				GCC_WARN_UNUSED_VARIABLE = YES;
				IPHONEOS_DEPLOYMENT_TARGET = 14.4;
				MTL_ENABLE_DEBUG_INFO = NO;
				MTL_FAST_MATH = YES;
				SDKROOT = iphoneos;
				SWIFT_COMPILATION_MODE = wholemodule;
				SWIFT_OPTIMIZATION_LEVEL = "-O";
				VALIDATE_PRODUCT = YES;
			};
			name = Release;
		};
		7345D45F2683C50400615F2F /* Debug */ = {
			isa = XCBuildConfiguration;
			baseConfigurationReference = 0A9EF8906459E3575FAFA460 /* Pods-Firebase_PhotoApp_UIKIT.debug.xcconfig */;
			buildSettings = {
				ASSETCATALOG_COMPILER_APPICON_NAME = AppIcon;
				ASSETCATALOG_COMPILER_GLOBAL_ACCENT_COLOR_NAME = AccentColor;
				CODE_SIGN_STYLE = Automatic;
				INFOPLIST_FILE = Firebase_PhotoApp_UIKIT/Info.plist;
				LD_RUNPATH_SEARCH_PATHS = (
					"$(inherited)",
					"@executable_path/Frameworks",
				);
				PRODUCT_BUNDLE_IDENTIFIER = "Matt-S.Firebase-PhotoApp-UIKIT";
				PRODUCT_NAME = "$(TARGET_NAME)";
				SWIFT_VERSION = 5.0;
				TARGETED_DEVICE_FAMILY = "1,2";
			};
			name = Debug;
		};
		7345D4602683C50400615F2F /* Release */ = {
			isa = XCBuildConfiguration;
			baseConfigurationReference = FAA1A128352614C7CB57BEE0 /* Pods-Firebase_PhotoApp_UIKIT.release.xcconfig */;
			buildSettings = {
				ASSETCATALOG_COMPILER_APPICON_NAME = AppIcon;
				ASSETCATALOG_COMPILER_GLOBAL_ACCENT_COLOR_NAME = AccentColor;
				CODE_SIGN_STYLE = Automatic;
				INFOPLIST_FILE = Firebase_PhotoApp_UIKIT/Info.plist;
				LD_RUNPATH_SEARCH_PATHS = (
					"$(inherited)",
					"@executable_path/Frameworks",
				);
				PRODUCT_BUNDLE_IDENTIFIER = "Matt-S.Firebase-PhotoApp-UIKIT";
				PRODUCT_NAME = "$(TARGET_NAME)";
				SWIFT_VERSION = 5.0;
				TARGETED_DEVICE_FAMILY = "1,2";
			};
			name = Release;
		};
/* End XCBuildConfiguration section */

/* Begin XCConfigurationList section */
		7345D4452683C50200615F2F /* Build configuration list for PBXProject "Firebase_PhotoApp_UIKIT" */ = {
			isa = XCConfigurationList;
			buildConfigurations = (
				7345D45C2683C50400615F2F /* Debug */,
				7345D45D2683C50400615F2F /* Release */,
			);
			defaultConfigurationIsVisible = 0;
			defaultConfigurationName = Release;
		};
		7345D45E2683C50400615F2F /* Build configuration list for PBXNativeTarget "Firebase_PhotoApp_UIKIT" */ = {
			isa = XCConfigurationList;
			buildConfigurations = (
				7345D45F2683C50400615F2F /* Debug */,
				7345D4602683C50400615F2F /* Release */,
			);
			defaultConfigurationIsVisible = 0;
			defaultConfigurationName = Release;
		};
/* End XCConfigurationList section */
	};
	rootObject = 7345D4422683C50200615F2F /* Project object */;
}
